
Microsoft Visual Studio Solution File, Format Version 12.00
# Visual Studio Version 17
VisualStudioVersion = 17.8.34525.116
MinimumVisualStudioVersion = 10.0.40219.1
Project("{FAE04EC0-301F-11D3-BF4B-00C04F79EFBC}") = "WebApi", "WebApi\WebApi.csproj", "{50C0EFF2-10CC-4B44-BC9C-82D2EDBE0951}"
EndProject
Project("{FAE04EC0-301F-11D3-BF4B-00C04F79EFBC}") = "Infrastructure", "Infrastructure\Infrastructure.csproj", "{15FD6602-F05E-41EE-B9D4-2AFED90E29EC}"
EndProject
Global
	GlobalSection(SolutionConfigurationPlatforms) = preSolution
		Debug|Any CPU = Debug|Any CPU
		Release|Any CPU = Release|Any CPU
	EndGlobalSection
	GlobalSection(ProjectConfigurationPlatforms) = postSolution
		{50C0EFF2-10CC-4B44-BC9C-82D2EDBE0951}.Debug|Any CPU.ActiveCfg = Debug|Any CPU
		{50C0EFF2-10CC-4B44-BC9C-82D2EDBE0951}.Debug|Any CPU.Build.0 = Debug|Any CPU
		{50C0EFF2-10CC-4B44-BC9C-82D2EDBE0951}.Release|Any CPU.ActiveCfg = Release|Any CPU
		{50C0EFF2-10CC-4B44-BC9C-82D2EDBE0951}.Release|Any CPU.Build.0 = Release|Any CPU
		{15FD6602-F05E-41EE-B9D4-2AFED90E29EC}.Debug|Any CPU.ActiveCfg = Debug|Any CPU
		{15FD6602-F05E-41EE-B9D4-2AFED90E29EC}.Debug|Any CPU.Build.0 = Debug|Any CPU
		{15FD6602-F05E-41EE-B9D4-2AFED90E29EC}.Release|Any CPU.ActiveCfg = Release|Any CPU
		{15FD6602-F05E-41EE-B9D4-2AFED90E29EC}.Release|Any CPU.Build.0 = Release|Any CPU
	EndGlobalSection
	GlobalSection(SolutionProperties) = preSolution
		HideSolutionNode = FALSE
	EndGlobalSection
	GlobalSection(ExtensibilityGlobals) = postSolution
		SolutionGuid = {3BFEAD97-21D9-4C2D-8D45-C8503A87AACD}
	EndGlobalSection
EndGlobal
